
Microsoft Visual Studio Solution File, Format Version 12.00
# Visual Studio Version 16
VisualStudioVersion = 16.0.30406.217
MinimumVisualStudioVersion = 10.0.40219.1
Project("{FAE04EC0-301F-11D3-BF4B-00C04F79EFBC}") = "01. The Imitation Game", "01. The Imitation Game\01. The Imitation Game.csproj", "{35155C02-2E90-4CC7-A8B7-B271B7C9929E}"
EndProject
Project("{FAE04EC0-301F-11D3-BF4B-00C04F79EFBC}") = "02. Ad Astra", "02. Ad Astra\02. Ad Astra.csproj", "{B8101E57-5E93-4126-87CA-AF4A1EAE650A}"
EndProject
Project("{FAE04EC0-301F-11D3-BF4B-00C04F79EFBC}") = "03. The Pianist", "03. The Pianist\03. The Pianist.csproj", "{369494D3-B906-418E-BD8F-F01026684456}"
EndProject
Global
	GlobalSection(SolutionConfigurationPlatforms) = preSolution
		Debug|Any CPU = Debug|Any CPU
		Release|Any CPU = Release|Any CPU
	EndGlobalSection
	GlobalSection(ProjectConfigurationPlatforms) = postSolution
		{35155C02-2E90-4CC7-A8B7-B271B7C9929E}.Debug|Any CPU.ActiveCfg = Debug|Any CPU
		{35155C02-2E90-4CC7-A8B7-B271B7C9929E}.Debug|Any CPU.Build.0 = Debug|Any CPU
		{35155C02-2E90-4CC7-A8B7-B271B7C9929E}.Release|Any CPU.ActiveCfg = Release|Any CPU
		{35155C02-2E90-4CC7-A8B7-B271B7C9929E}.Release|Any CPU.Build.0 = Release|Any CPU
		{B8101E57-5E93-4126-87CA-AF4A1EAE650A}.Debug|Any CPU.ActiveCfg = Debug|Any CPU
		{B8101E57-5E93-4126-87CA-AF4A1EAE650A}.Debug|Any CPU.Build.0 = Debug|Any CPU
		{B8101E57-5E93-4126-87CA-AF4A1EAE650A}.Release|Any CPU.ActiveCfg = Release|Any CPU
		{B8101E57-5E93-4126-87CA-AF4A1EAE650A}.Release|Any CPU.Build.0 = Release|Any CPU
		{369494D3-B906-418E-BD8F-F01026684456}.Debug|Any CPU.ActiveCfg = Debug|Any CPU
		{369494D3-B906-418E-BD8F-F01026684456}.Debug|Any CPU.Build.0 = Debug|Any CPU
		{369494D3-B906-418E-BD8F-F01026684456}.Release|Any CPU.ActiveCfg = Release|Any CPU
		{369494D3-B906-418E-BD8F-F01026684456}.Release|Any CPU.Build.0 = Release|Any CPU
	EndGlobalSection
	GlobalSection(SolutionProperties) = preSolution
		HideSolutionNode = FALSE
	EndGlobalSection
	GlobalSection(ExtensibilityGlobals) = postSolution
		SolutionGuid = {E6E4492E-4F66-408C-A912-E09AFD549EF7}
	EndGlobalSection
EndGlobal
