
Microsoft Visual Studio Solution File, Format Version 12.00
# Visual Studio Version 16
VisualStudioVersion = 16.0.30406.217
MinimumVisualStudioVersion = 10.0.40219.1
Project("{FAE04EC0-301F-11D3-BF4B-00C04F79EFBC}") = "PersonInfo", "PersonInfo\PersonInfo.csproj", "{572DEFE1-383A-4040-B02E-F4C86622F078}"
EndProject
Project("{FAE04EC0-301F-11D3-BF4B-00C04F79EFBC}") = "Telepony", "Telepony\Telepony.csproj", "{B28CF4A7-B8F9-47C1-9552-3C89AFDA4F4B}"
EndProject
Project("{FAE04EC0-301F-11D3-BF4B-00C04F79EFBC}") = "BorderControl", "BorderControl\BorderControl.csproj", "{5DF4A69B-AD42-4560-B51D-A7ACD1AB29BB}"
EndProject
Global
	GlobalSection(SolutionConfigurationPlatforms) = preSolution
		Debug|Any CPU = Debug|Any CPU
		Release|Any CPU = Release|Any CPU
	EndGlobalSection
	GlobalSection(ProjectConfigurationPlatforms) = postSolution
		{572DEFE1-383A-4040-B02E-F4C86622F078}.Debug|Any CPU.ActiveCfg = Debug|Any CPU
		{572DEFE1-383A-4040-B02E-F4C86622F078}.Debug|Any CPU.Build.0 = Debug|Any CPU
		{572DEFE1-383A-4040-B02E-F4C86622F078}.Release|Any CPU.ActiveCfg = Release|Any CPU
		{572DEFE1-383A-4040-B02E-F4C86622F078}.Release|Any CPU.Build.0 = Release|Any CPU
		{B28CF4A7-B8F9-47C1-9552-3C89AFDA4F4B}.Debug|Any CPU.ActiveCfg = Debug|Any CPU
		{B28CF4A7-B8F9-47C1-9552-3C89AFDA4F4B}.Debug|Any CPU.Build.0 = Debug|Any CPU
		{B28CF4A7-B8F9-47C1-9552-3C89AFDA4F4B}.Release|Any CPU.ActiveCfg = Release|Any CPU
		{B28CF4A7-B8F9-47C1-9552-3C89AFDA4F4B}.Release|Any CPU.Build.0 = Release|Any CPU
		{5DF4A69B-AD42-4560-B51D-A7ACD1AB29BB}.Debug|Any CPU.ActiveCfg = Debug|Any CPU
		{5DF4A69B-AD42-4560-B51D-A7ACD1AB29BB}.Debug|Any CPU.Build.0 = Debug|Any CPU
		{5DF4A69B-AD42-4560-B51D-A7ACD1AB29BB}.Release|Any CPU.ActiveCfg = Release|Any CPU
		{5DF4A69B-AD42-4560-B51D-A7ACD1AB29BB}.Release|Any CPU.Build.0 = Release|Any CPU
	EndGlobalSection
	GlobalSection(SolutionProperties) = preSolution
		HideSolutionNode = FALSE
	EndGlobalSection
	GlobalSection(ExtensibilityGlobals) = postSolution
		SolutionGuid = {8A6A40EA-62D0-4D94-B1B5-D13E67D65798}
	EndGlobalSection
EndGlobal
