
Microsoft Visual Studio Solution File, Format Version 12.00
# Visual Studio Version 16
VisualStudioVersion = 16.0.30406.217
MinimumVisualStudioVersion = 10.0.40219.1
Project("{FAE04EC0-301F-11D3-BF4B-00C04F79EFBC}") = "01. Messaging", "01. Messaging\01. Messaging.csproj", "{8413A40B-EAD3-425C-B84D-9FD438C11653}"
EndProject
Project("{FAE04EC0-301F-11D3-BF4B-00C04F79EFBC}") = "02. Car Race", "02. Car Race\02. Car Race.csproj", "{E7966512-A7DD-4F6C-9C37-58B99649BE15}"
EndProject
Project("{FAE04EC0-301F-11D3-BF4B-00C04F79EFBC}") = "04. Mixed up Lists", "03. Take or Skip Rope\04. Mixed up Lists.csproj", "{E7F52418-9F7F-49D5-A652-0ADBC37BF57E}"
EndProject
Project("{FAE04EC0-301F-11D3-BF4B-00C04F79EFBC}") = "05. Drum Set", "05. Drum Set\05. Drum Set.csproj", "{00A060A3-5229-4B21-8E80-E279FF96413A}"
EndProject
Project("{FAE04EC0-301F-11D3-BF4B-00C04F79EFBC}") = "03. Take orr Skip Rope", "03. Take orr Skip Rope\03. Take orr Skip Rope.csproj", "{16CA3845-BDBB-4395-9BE0-9F4C6B648EF0}"
EndProject
Global
	GlobalSection(SolutionConfigurationPlatforms) = preSolution
		Debug|Any CPU = Debug|Any CPU
		Release|Any CPU = Release|Any CPU
	EndGlobalSection
	GlobalSection(ProjectConfigurationPlatforms) = postSolution
		{8413A40B-EAD3-425C-B84D-9FD438C11653}.Debug|Any CPU.ActiveCfg = Debug|Any CPU
		{8413A40B-EAD3-425C-B84D-9FD438C11653}.Debug|Any CPU.Build.0 = Debug|Any CPU
		{8413A40B-EAD3-425C-B84D-9FD438C11653}.Release|Any CPU.ActiveCfg = Release|Any CPU
		{8413A40B-EAD3-425C-B84D-9FD438C11653}.Release|Any CPU.Build.0 = Release|Any CPU
		{E7966512-A7DD-4F6C-9C37-58B99649BE15}.Debug|Any CPU.ActiveCfg = Debug|Any CPU
		{E7966512-A7DD-4F6C-9C37-58B99649BE15}.Debug|Any CPU.Build.0 = Debug|Any CPU
		{E7966512-A7DD-4F6C-9C37-58B99649BE15}.Release|Any CPU.ActiveCfg = Release|Any CPU
		{E7966512-A7DD-4F6C-9C37-58B99649BE15}.Release|Any CPU.Build.0 = Release|Any CPU
		{E7F52418-9F7F-49D5-A652-0ADBC37BF57E}.Debug|Any CPU.ActiveCfg = Debug|Any CPU
		{E7F52418-9F7F-49D5-A652-0ADBC37BF57E}.Debug|Any CPU.Build.0 = Debug|Any CPU
		{E7F52418-9F7F-49D5-A652-0ADBC37BF57E}.Release|Any CPU.ActiveCfg = Release|Any CPU
		{E7F52418-9F7F-49D5-A652-0ADBC37BF57E}.Release|Any CPU.Build.0 = Release|Any CPU
		{00A060A3-5229-4B21-8E80-E279FF96413A}.Debug|Any CPU.ActiveCfg = Debug|Any CPU
		{00A060A3-5229-4B21-8E80-E279FF96413A}.Debug|Any CPU.Build.0 = Debug|Any CPU
		{00A060A3-5229-4B21-8E80-E279FF96413A}.Release|Any CPU.ActiveCfg = Release|Any CPU
		{00A060A3-5229-4B21-8E80-E279FF96413A}.Release|Any CPU.Build.0 = Release|Any CPU
		{16CA3845-BDBB-4395-9BE0-9F4C6B648EF0}.Debug|Any CPU.ActiveCfg = Debug|Any CPU
		{16CA3845-BDBB-4395-9BE0-9F4C6B648EF0}.Debug|Any CPU.Build.0 = Debug|Any CPU
		{16CA3845-BDBB-4395-9BE0-9F4C6B648EF0}.Release|Any CPU.ActiveCfg = Release|Any CPU
		{16CA3845-BDBB-4395-9BE0-9F4C6B648EF0}.Release|Any CPU.Build.0 = Release|Any CPU
	EndGlobalSection
	GlobalSection(SolutionProperties) = preSolution
		HideSolutionNode = FALSE
	EndGlobalSection
	GlobalSection(ExtensibilityGlobals) = postSolution
		SolutionGuid = {6FE96C1F-0109-4944-AFF8-D422045CD420}
	EndGlobalSection
EndGlobal
