
Microsoft Visual Studio Solution File, Format Version 12.00
# Visual Studio Version 16
VisualStudioVersion = 16.0.30225.117
MinimumVisualStudioVersion = 10.0.40219.1
Project("{9A19103F-16F7-4668-BE54-9A1E7A4F7556}") = "1", "1\1.csproj", "{CF8890B0-CB28-481E-925A-D7441A901B79}"
EndProject
Project("{9A19103F-16F7-4668-BE54-9A1E7A4F7556}") = "2", "2\2.csproj", "{2D2146C5-2829-40F9-97B5-374C4779FBFC}"
EndProject
Project("{9A19103F-16F7-4668-BE54-9A1E7A4F7556}") = "3", "3\3.csproj", "{7341F12E-A47D-42F4-B3E2-35391CC6303C}"
EndProject
Project("{9A19103F-16F7-4668-BE54-9A1E7A4F7556}") = "4", "4\4.csproj", "{3F5AF887-A18D-4D81-B915-171045F90EAF}"
EndProject
Project("{9A19103F-16F7-4668-BE54-9A1E7A4F7556}") = "5", "5\5.csproj", "{D26E033E-14C2-4C53-A917-D57C5EF21BEF}"
EndProject
Project("{9A19103F-16F7-4668-BE54-9A1E7A4F7556}") = "6", "6\6.csproj", "{C25B11EF-0230-4248-BA9B-6A4FD586A6AF}"
EndProject
Project("{9A19103F-16F7-4668-BE54-9A1E7A4F7556}") = "demo", "demo\demo.csproj", "{42231810-B10C-4180-9807-B4C40F1BA1BC}"
EndProject
Project("{FAE04EC0-301F-11D3-BF4B-00C04F79EFBC}") = "1.1", "1.1\1.1.csproj", "{F2A42BC0-ECAD-4EBA-91B6-27C6DF29E075}"
EndProject
Project("{FAE04EC0-301F-11D3-BF4B-00C04F79EFBC}") = "1.2", "1.2\1.2.csproj", "{1A492E3B-BB80-493E-9734-55978AB93BEE}"
EndProject
Project("{FAE04EC0-301F-11D3-BF4B-00C04F79EFBC}") = "1.3", "1.3\1.3.csproj", "{C346058D-049B-4AE0-997B-E43FA3A26E0D}"
EndProject
Project("{FAE04EC0-301F-11D3-BF4B-00C04F79EFBC}") = "1.4", "1.4\1.4.csproj", "{19BEA5AD-03CB-4FCE-B191-5E7C91E28898}"
EndProject
Project("{FAE04EC0-301F-11D3-BF4B-00C04F79EFBC}") = "1.5", "1.5\1.5.csproj", "{B1113643-ADB5-4A20-83A8-4F11890576D1}"
EndProject
Project("{FAE04EC0-301F-11D3-BF4B-00C04F79EFBC}") = "1.6", "1.6\1.6.csproj", "{27353B31-7A19-4EEC-8FEC-90D9E8C858DC}"
EndProject
Global
	GlobalSection(SolutionConfigurationPlatforms) = preSolution
		Debug|Any CPU = Debug|Any CPU
		Release|Any CPU = Release|Any CPU
	EndGlobalSection
	GlobalSection(ProjectConfigurationPlatforms) = postSolution
		{CF8890B0-CB28-481E-925A-D7441A901B79}.Debug|Any CPU.ActiveCfg = Debug|Any CPU
		{CF8890B0-CB28-481E-925A-D7441A901B79}.Debug|Any CPU.Build.0 = Debug|Any CPU
		{CF8890B0-CB28-481E-925A-D7441A901B79}.Release|Any CPU.ActiveCfg = Release|Any CPU
		{CF8890B0-CB28-481E-925A-D7441A901B79}.Release|Any CPU.Build.0 = Release|Any CPU
		{2D2146C5-2829-40F9-97B5-374C4779FBFC}.Debug|Any CPU.ActiveCfg = Debug|Any CPU
		{2D2146C5-2829-40F9-97B5-374C4779FBFC}.Debug|Any CPU.Build.0 = Debug|Any CPU
		{2D2146C5-2829-40F9-97B5-374C4779FBFC}.Release|Any CPU.ActiveCfg = Release|Any CPU
		{2D2146C5-2829-40F9-97B5-374C4779FBFC}.Release|Any CPU.Build.0 = Release|Any CPU
		{7341F12E-A47D-42F4-B3E2-35391CC6303C}.Debug|Any CPU.ActiveCfg = Debug|Any CPU
		{7341F12E-A47D-42F4-B3E2-35391CC6303C}.Debug|Any CPU.Build.0 = Debug|Any CPU
		{7341F12E-A47D-42F4-B3E2-35391CC6303C}.Release|Any CPU.ActiveCfg = Release|Any CPU
		{7341F12E-A47D-42F4-B3E2-35391CC6303C}.Release|Any CPU.Build.0 = Release|Any CPU
		{3F5AF887-A18D-4D81-B915-171045F90EAF}.Debug|Any CPU.ActiveCfg = Debug|Any CPU
		{3F5AF887-A18D-4D81-B915-171045F90EAF}.Debug|Any CPU.Build.0 = Debug|Any CPU
		{3F5AF887-A18D-4D81-B915-171045F90EAF}.Release|Any CPU.ActiveCfg = Release|Any CPU
		{3F5AF887-A18D-4D81-B915-171045F90EAF}.Release|Any CPU.Build.0 = Release|Any CPU
		{D26E033E-14C2-4C53-A917-D57C5EF21BEF}.Debug|Any CPU.ActiveCfg = Debug|Any CPU
		{D26E033E-14C2-4C53-A917-D57C5EF21BEF}.Debug|Any CPU.Build.0 = Debug|Any CPU
		{D26E033E-14C2-4C53-A917-D57C5EF21BEF}.Release|Any CPU.ActiveCfg = Release|Any CPU
		{D26E033E-14C2-4C53-A917-D57C5EF21BEF}.Release|Any CPU.Build.0 = Release|Any CPU
		{C25B11EF-0230-4248-BA9B-6A4FD586A6AF}.Debug|Any CPU.ActiveCfg = Debug|Any CPU
		{C25B11EF-0230-4248-BA9B-6A4FD586A6AF}.Debug|Any CPU.Build.0 = Debug|Any CPU
		{C25B11EF-0230-4248-BA9B-6A4FD586A6AF}.Release|Any CPU.ActiveCfg = Release|Any CPU
		{C25B11EF-0230-4248-BA9B-6A4FD586A6AF}.Release|Any CPU.Build.0 = Release|Any CPU
		{42231810-B10C-4180-9807-B4C40F1BA1BC}.Debug|Any CPU.ActiveCfg = Debug|Any CPU
		{42231810-B10C-4180-9807-B4C40F1BA1BC}.Debug|Any CPU.Build.0 = Debug|Any CPU
		{42231810-B10C-4180-9807-B4C40F1BA1BC}.Release|Any CPU.ActiveCfg = Release|Any CPU
		{42231810-B10C-4180-9807-B4C40F1BA1BC}.Release|Any CPU.Build.0 = Release|Any CPU
		{F2A42BC0-ECAD-4EBA-91B6-27C6DF29E075}.Debug|Any CPU.ActiveCfg = Debug|Any CPU
		{F2A42BC0-ECAD-4EBA-91B6-27C6DF29E075}.Debug|Any CPU.Build.0 = Debug|Any CPU
		{F2A42BC0-ECAD-4EBA-91B6-27C6DF29E075}.Release|Any CPU.ActiveCfg = Release|Any CPU
		{F2A42BC0-ECAD-4EBA-91B6-27C6DF29E075}.Release|Any CPU.Build.0 = Release|Any CPU
		{1A492E3B-BB80-493E-9734-55978AB93BEE}.Debug|Any CPU.ActiveCfg = Debug|Any CPU
		{1A492E3B-BB80-493E-9734-55978AB93BEE}.Debug|Any CPU.Build.0 = Debug|Any CPU
		{1A492E3B-BB80-493E-9734-55978AB93BEE}.Release|Any CPU.ActiveCfg = Release|Any CPU
		{1A492E3B-BB80-493E-9734-55978AB93BEE}.Release|Any CPU.Build.0 = Release|Any CPU
		{C346058D-049B-4AE0-997B-E43FA3A26E0D}.Debug|Any CPU.ActiveCfg = Debug|Any CPU
		{C346058D-049B-4AE0-997B-E43FA3A26E0D}.Debug|Any CPU.Build.0 = Debug|Any CPU
		{C346058D-049B-4AE0-997B-E43FA3A26E0D}.Release|Any CPU.ActiveCfg = Release|Any CPU
		{C346058D-049B-4AE0-997B-E43FA3A26E0D}.Release|Any CPU.Build.0 = Release|Any CPU
		{19BEA5AD-03CB-4FCE-B191-5E7C91E28898}.Debug|Any CPU.ActiveCfg = Debug|Any CPU
		{19BEA5AD-03CB-4FCE-B191-5E7C91E28898}.Debug|Any CPU.Build.0 = Debug|Any CPU
		{19BEA5AD-03CB-4FCE-B191-5E7C91E28898}.Release|Any CPU.ActiveCfg = Release|Any CPU
		{19BEA5AD-03CB-4FCE-B191-5E7C91E28898}.Release|Any CPU.Build.0 = Release|Any CPU
		{B1113643-ADB5-4A20-83A8-4F11890576D1}.Debug|Any CPU.ActiveCfg = Debug|Any CPU
		{B1113643-ADB5-4A20-83A8-4F11890576D1}.Debug|Any CPU.Build.0 = Debug|Any CPU
		{B1113643-ADB5-4A20-83A8-4F11890576D1}.Release|Any CPU.ActiveCfg = Release|Any CPU
		{B1113643-ADB5-4A20-83A8-4F11890576D1}.Release|Any CPU.Build.0 = Release|Any CPU
		{27353B31-7A19-4EEC-8FEC-90D9E8C858DC}.Debug|Any CPU.ActiveCfg = Debug|Any CPU
		{27353B31-7A19-4EEC-8FEC-90D9E8C858DC}.Debug|Any CPU.Build.0 = Debug|Any CPU
		{27353B31-7A19-4EEC-8FEC-90D9E8C858DC}.Release|Any CPU.ActiveCfg = Release|Any CPU
		{27353B31-7A19-4EEC-8FEC-90D9E8C858DC}.Release|Any CPU.Build.0 = Release|Any CPU
	EndGlobalSection
	GlobalSection(SolutionProperties) = preSolution
		HideSolutionNode = FALSE
	EndGlobalSection
	GlobalSection(ExtensibilityGlobals) = postSolution
		SolutionGuid = {23E4179C-C1B7-42B0-A41E-9C2CC92A88EB}
	EndGlobalSection
EndGlobal
