
Microsoft Visual Studio Solution File, Format Version 12.00
# Visual Studio Version 16
VisualStudioVersion = 16.0.30406.217
MinimumVisualStudioVersion = 10.0.40219.1
Project("{FAE04EC0-301F-11D3-BF4B-00C04F79EFBC}") = "01. Sort Even Numbers", "01. Sort Even Numbers\01. Sort Even Numbers.csproj", "{7C70CC69-E307-485A-B49B-963AB30D0E13}"
EndProject
Project("{FAE04EC0-301F-11D3-BF4B-00C04F79EFBC}") = "02. Sum Numbers", "02. Sum Numbers\02. Sum Numbers.csproj", "{9BDE3489-D399-452C-A037-1EB7ECFD11F1}"
EndProject
Project("{FAE04EC0-301F-11D3-BF4B-00C04F79EFBC}") = "03. Count Uppercase Words", "03. Count Uppercase Words\03. Count Uppercase Words.csproj", "{284C0F69-6EB9-45A0-B64C-FC5E61075962}"
EndProject
Project("{FAE04EC0-301F-11D3-BF4B-00C04F79EFBC}") = "04. Add VAT", "04. Add VAT\04. Add VAT.csproj", "{12722A2F-016E-48A9-86C7-1BCBC0678A61}"
EndProject
Project("{FAE04EC0-301F-11D3-BF4B-00C04F79EFBC}") = "05. Filter By Age", "05. Filter By Age\05. Filter By Age.csproj", "{36455BC7-75C1-46CA-9A11-92E094FC5D80}"
EndProject
Global
	GlobalSection(SolutionConfigurationPlatforms) = preSolution
		Debug|Any CPU = Debug|Any CPU
		Release|Any CPU = Release|Any CPU
	EndGlobalSection
	GlobalSection(ProjectConfigurationPlatforms) = postSolution
		{7C70CC69-E307-485A-B49B-963AB30D0E13}.Debug|Any CPU.ActiveCfg = Debug|Any CPU
		{7C70CC69-E307-485A-B49B-963AB30D0E13}.Debug|Any CPU.Build.0 = Debug|Any CPU
		{7C70CC69-E307-485A-B49B-963AB30D0E13}.Release|Any CPU.ActiveCfg = Release|Any CPU
		{7C70CC69-E307-485A-B49B-963AB30D0E13}.Release|Any CPU.Build.0 = Release|Any CPU
		{9BDE3489-D399-452C-A037-1EB7ECFD11F1}.Debug|Any CPU.ActiveCfg = Debug|Any CPU
		{9BDE3489-D399-452C-A037-1EB7ECFD11F1}.Debug|Any CPU.Build.0 = Debug|Any CPU
		{9BDE3489-D399-452C-A037-1EB7ECFD11F1}.Release|Any CPU.ActiveCfg = Release|Any CPU
		{9BDE3489-D399-452C-A037-1EB7ECFD11F1}.Release|Any CPU.Build.0 = Release|Any CPU
		{284C0F69-6EB9-45A0-B64C-FC5E61075962}.Debug|Any CPU.ActiveCfg = Debug|Any CPU
		{284C0F69-6EB9-45A0-B64C-FC5E61075962}.Debug|Any CPU.Build.0 = Debug|Any CPU
		{284C0F69-6EB9-45A0-B64C-FC5E61075962}.Release|Any CPU.ActiveCfg = Release|Any CPU
		{284C0F69-6EB9-45A0-B64C-FC5E61075962}.Release|Any CPU.Build.0 = Release|Any CPU
		{12722A2F-016E-48A9-86C7-1BCBC0678A61}.Debug|Any CPU.ActiveCfg = Debug|Any CPU
		{12722A2F-016E-48A9-86C7-1BCBC0678A61}.Debug|Any CPU.Build.0 = Debug|Any CPU
		{12722A2F-016E-48A9-86C7-1BCBC0678A61}.Release|Any CPU.ActiveCfg = Release|Any CPU
		{12722A2F-016E-48A9-86C7-1BCBC0678A61}.Release|Any CPU.Build.0 = Release|Any CPU
		{36455BC7-75C1-46CA-9A11-92E094FC5D80}.Debug|Any CPU.ActiveCfg = Debug|Any CPU
		{36455BC7-75C1-46CA-9A11-92E094FC5D80}.Debug|Any CPU.Build.0 = Debug|Any CPU
		{36455BC7-75C1-46CA-9A11-92E094FC5D80}.Release|Any CPU.ActiveCfg = Release|Any CPU
		{36455BC7-75C1-46CA-9A11-92E094FC5D80}.Release|Any CPU.Build.0 = Release|Any CPU
	EndGlobalSection
	GlobalSection(SolutionProperties) = preSolution
		HideSolutionNode = FALSE
	EndGlobalSection
	GlobalSection(ExtensibilityGlobals) = postSolution
		SolutionGuid = {9EC5296F-CE40-467D-8D2F-B4F252D18135}
	EndGlobalSection
EndGlobal
