
Microsoft Visual Studio Solution File, Format Version 12.00
# Visual Studio Version 16
VisualStudioVersion = 16.0.30406.217
MinimumVisualStudioVersion = 10.0.40219.1
Project("{FAE04EC0-301F-11D3-BF4B-00C04F79EFBC}") = "1", "1\1.csproj", "{7C7E2BC2-C1C0-4399-8DEE-17B31175DE1B}"
EndProject
Project("{FAE04EC0-301F-11D3-BF4B-00C04F79EFBC}") = "2", "2\2.csproj", "{58665E1A-EBE2-4A8F-9302-39AE527AA2B0}"
EndProject
Project("{FAE04EC0-301F-11D3-BF4B-00C04F79EFBC}") = "3", "3\3.csproj", "{B105B3A3-5B70-4222-B822-526A8742D150}"
EndProject
Global
	GlobalSection(SolutionConfigurationPlatforms) = preSolution
		Debug|Any CPU = Debug|Any CPU
		Release|Any CPU = Release|Any CPU
	EndGlobalSection
	GlobalSection(ProjectConfigurationPlatforms) = postSolution
		{7C7E2BC2-C1C0-4399-8DEE-17B31175DE1B}.Debug|Any CPU.ActiveCfg = Debug|Any CPU
		{7C7E2BC2-C1C0-4399-8DEE-17B31175DE1B}.Debug|Any CPU.Build.0 = Debug|Any CPU
		{7C7E2BC2-C1C0-4399-8DEE-17B31175DE1B}.Release|Any CPU.ActiveCfg = Release|Any CPU
		{7C7E2BC2-C1C0-4399-8DEE-17B31175DE1B}.Release|Any CPU.Build.0 = Release|Any CPU
		{58665E1A-EBE2-4A8F-9302-39AE527AA2B0}.Debug|Any CPU.ActiveCfg = Debug|Any CPU
		{58665E1A-EBE2-4A8F-9302-39AE527AA2B0}.Debug|Any CPU.Build.0 = Debug|Any CPU
		{58665E1A-EBE2-4A8F-9302-39AE527AA2B0}.Release|Any CPU.ActiveCfg = Release|Any CPU
		{58665E1A-EBE2-4A8F-9302-39AE527AA2B0}.Release|Any CPU.Build.0 = Release|Any CPU
		{B105B3A3-5B70-4222-B822-526A8742D150}.Debug|Any CPU.ActiveCfg = Debug|Any CPU
		{B105B3A3-5B70-4222-B822-526A8742D150}.Debug|Any CPU.Build.0 = Debug|Any CPU
		{B105B3A3-5B70-4222-B822-526A8742D150}.Release|Any CPU.ActiveCfg = Release|Any CPU
		{B105B3A3-5B70-4222-B822-526A8742D150}.Release|Any CPU.Build.0 = Release|Any CPU
	EndGlobalSection
	GlobalSection(SolutionProperties) = preSolution
		HideSolutionNode = FALSE
	EndGlobalSection
	GlobalSection(ExtensibilityGlobals) = postSolution
		SolutionGuid = {6B9BB13C-571E-4FBA-A78F-F17A1A00CF72}
	EndGlobalSection
EndGlobal
