
Microsoft Visual Studio Solution File, Format Version 12.00
# Visual Studio Version 16
VisualStudioVersion = 16.0.30225.117
MinimumVisualStudioVersion = 10.0.40219.1
Project("{FAE04EC0-301F-11D3-BF4B-00C04F79EFBC}") = "Trapezoid", "Simple Operations and Calculations - More Exercises\Trapezoid.csproj", "{125CAC83-14ED-4DBF-8BB1-90B86FC8FF1F}"
EndProject
Global
	GlobalSection(SolutionConfigurationPlatforms) = preSolution
		Debug|Any CPU = Debug|Any CPU
		Release|Any CPU = Release|Any CPU
	EndGlobalSection
	GlobalSection(ProjectConfigurationPlatforms) = postSolution
		{125CAC83-14ED-4DBF-8BB1-90B86FC8FF1F}.Debug|Any CPU.ActiveCfg = Debug|Any CPU
		{125CAC83-14ED-4DBF-8BB1-90B86FC8FF1F}.Debug|Any CPU.Build.0 = Debug|Any CPU
		{125CAC83-14ED-4DBF-8BB1-90B86FC8FF1F}.Release|Any CPU.ActiveCfg = Release|Any CPU
		{125CAC83-14ED-4DBF-8BB1-90B86FC8FF1F}.Release|Any CPU.Build.0 = Release|Any CPU
	EndGlobalSection
	GlobalSection(SolutionProperties) = preSolution
		HideSolutionNode = FALSE
	EndGlobalSection
	GlobalSection(ExtensibilityGlobals) = postSolution
		SolutionGuid = {EBBE5E12-DEC4-44FD-818C-0638B285C2C7}
	EndGlobalSection
EndGlobal
