
Microsoft Visual Studio Solution File, Format Version 12.00
# Visual Studio Version 16
VisualStudioVersion = 16.0.30225.117
MinimumVisualStudioVersion = 10.0.40219.1
Project("{FAE04EC0-301F-11D3-BF4B-00C04F79EFBC}") = "Nested Loops - Lab - 01. Clock", "Nested Loops - Lab - 01. Clock\Nested Loops - Lab - 01. Clock.csproj", "{F9FB0B6D-E63C-4334-9798-9AFA04BAA419}"
EndProject
Project("{FAE04EC0-301F-11D3-BF4B-00C04F79EFBC}") = "Nested Loops - Lab - 02. Multiplication Table", "Nested Loops - Lab - 02. Multiplication Table\Nested Loops - Lab - 02. Multiplication Table.csproj", "{D86E8CF8-DECA-473B-BDB8-836B1E5F2F99}"
EndProject
Project("{FAE04EC0-301F-11D3-BF4B-00C04F79EFBC}") = "Nested Loops - Lab - 03. Combinations", "Nested Loops - Lab - 03. Combinations\Nested Loops - Lab - 03. Combinations.csproj", "{1350203F-F5A2-47BD-B5D6-A5EDE1717181}"
EndProject
Project("{FAE04EC0-301F-11D3-BF4B-00C04F79EFBC}") = "Nested Loops - Lab - 04. Sum of Two Numbers", "Nested Loops - Lab - 04. Sum of Two Numbers\Nested Loops - Lab - 04. Sum of Two Numbers.csproj", "{FCDC567F-921F-499F-BD80-CE925CCEA2AA}"
EndProject
Project("{FAE04EC0-301F-11D3-BF4B-00C04F79EFBC}") = "Nested Loops - Lab - 05. Travelling", "Nested Loops - Lab - 05. Travelling\Nested Loops - Lab - 05. Travelling.csproj", "{8C366EF9-1149-4F58-AE39-19D3DD0DF10C}"
EndProject
Project("{FAE04EC0-301F-11D3-BF4B-00C04F79EFBC}") = "Nested Loops - Lab - 06. Building", "Nested Loops - Lab - 06. Building\Nested Loops - Lab - 06. Building.csproj", "{A531A772-9457-4A83-802F-C3BB0CE0144B}"
EndProject
Project("{FAE04EC0-301F-11D3-BF4B-00C04F79EFBC}") = "Nested Loops - Lab - 07. Cinema Tickets (not included in fin", "Nested Loops - Lab - 07. Cinema Tickets (not included in fin\Nested Loops - Lab - 07. Cinema Tickets (not included in fin.csproj", "{8E1C40AD-0DD9-48CC-8468-24A782AA32C6}"
EndProject
Global
	GlobalSection(SolutionConfigurationPlatforms) = preSolution
		Debug|Any CPU = Debug|Any CPU
		Release|Any CPU = Release|Any CPU
	EndGlobalSection
	GlobalSection(ProjectConfigurationPlatforms) = postSolution
		{F9FB0B6D-E63C-4334-9798-9AFA04BAA419}.Debug|Any CPU.ActiveCfg = Debug|Any CPU
		{F9FB0B6D-E63C-4334-9798-9AFA04BAA419}.Debug|Any CPU.Build.0 = Debug|Any CPU
		{F9FB0B6D-E63C-4334-9798-9AFA04BAA419}.Release|Any CPU.ActiveCfg = Release|Any CPU
		{F9FB0B6D-E63C-4334-9798-9AFA04BAA419}.Release|Any CPU.Build.0 = Release|Any CPU
		{D86E8CF8-DECA-473B-BDB8-836B1E5F2F99}.Debug|Any CPU.ActiveCfg = Debug|Any CPU
		{D86E8CF8-DECA-473B-BDB8-836B1E5F2F99}.Debug|Any CPU.Build.0 = Debug|Any CPU
		{D86E8CF8-DECA-473B-BDB8-836B1E5F2F99}.Release|Any CPU.ActiveCfg = Release|Any CPU
		{D86E8CF8-DECA-473B-BDB8-836B1E5F2F99}.Release|Any CPU.Build.0 = Release|Any CPU
		{1350203F-F5A2-47BD-B5D6-A5EDE1717181}.Debug|Any CPU.ActiveCfg = Debug|Any CPU
		{1350203F-F5A2-47BD-B5D6-A5EDE1717181}.Debug|Any CPU.Build.0 = Debug|Any CPU
		{1350203F-F5A2-47BD-B5D6-A5EDE1717181}.Release|Any CPU.ActiveCfg = Release|Any CPU
		{1350203F-F5A2-47BD-B5D6-A5EDE1717181}.Release|Any CPU.Build.0 = Release|Any CPU
		{FCDC567F-921F-499F-BD80-CE925CCEA2AA}.Debug|Any CPU.ActiveCfg = Debug|Any CPU
		{FCDC567F-921F-499F-BD80-CE925CCEA2AA}.Debug|Any CPU.Build.0 = Debug|Any CPU
		{FCDC567F-921F-499F-BD80-CE925CCEA2AA}.Release|Any CPU.ActiveCfg = Release|Any CPU
		{FCDC567F-921F-499F-BD80-CE925CCEA2AA}.Release|Any CPU.Build.0 = Release|Any CPU
		{8C366EF9-1149-4F58-AE39-19D3DD0DF10C}.Debug|Any CPU.ActiveCfg = Debug|Any CPU
		{8C366EF9-1149-4F58-AE39-19D3DD0DF10C}.Debug|Any CPU.Build.0 = Debug|Any CPU
		{8C366EF9-1149-4F58-AE39-19D3DD0DF10C}.Release|Any CPU.ActiveCfg = Release|Any CPU
		{8C366EF9-1149-4F58-AE39-19D3DD0DF10C}.Release|Any CPU.Build.0 = Release|Any CPU
		{A531A772-9457-4A83-802F-C3BB0CE0144B}.Debug|Any CPU.ActiveCfg = Debug|Any CPU
		{A531A772-9457-4A83-802F-C3BB0CE0144B}.Debug|Any CPU.Build.0 = Debug|Any CPU
		{A531A772-9457-4A83-802F-C3BB0CE0144B}.Release|Any CPU.ActiveCfg = Release|Any CPU
		{A531A772-9457-4A83-802F-C3BB0CE0144B}.Release|Any CPU.Build.0 = Release|Any CPU
		{8E1C40AD-0DD9-48CC-8468-24A782AA32C6}.Debug|Any CPU.ActiveCfg = Debug|Any CPU
		{8E1C40AD-0DD9-48CC-8468-24A782AA32C6}.Debug|Any CPU.Build.0 = Debug|Any CPU
		{8E1C40AD-0DD9-48CC-8468-24A782AA32C6}.Release|Any CPU.ActiveCfg = Release|Any CPU
		{8E1C40AD-0DD9-48CC-8468-24A782AA32C6}.Release|Any CPU.Build.0 = Release|Any CPU
	EndGlobalSection
	GlobalSection(SolutionProperties) = preSolution
		HideSolutionNode = FALSE
	EndGlobalSection
	GlobalSection(ExtensibilityGlobals) = postSolution
		SolutionGuid = {7B9EC160-0BC6-48D6-91C9-3D002F5B9D35}
	EndGlobalSection
EndGlobal
