
Microsoft Visual Studio Solution File, Format Version 12.00
# Visual Studio Version 16
VisualStudioVersion = 16.0.30406.217
MinimumVisualStudioVersion = 10.0.40219.1
Project("{9A19103F-16F7-4668-BE54-9A1E7A4F7556}") = "01. Unique Usernames", "01. Unique Usernames\01. Unique Usernames.csproj", "{988891F7-325D-4CBF-9B14-3E43921B37DF}"
EndProject
Project("{9A19103F-16F7-4668-BE54-9A1E7A4F7556}") = "02. Sets of Elements", "02. Sets of Elements\02. Sets of Elements.csproj", "{3F19F7B2-8408-4F2D-9F59-4147982BED6E}"
EndProject
Project("{9A19103F-16F7-4668-BE54-9A1E7A4F7556}") = "03. Periodic Table", "03. Periodic Table\03. Periodic Table.csproj", "{51A3B5AC-6FB3-4AF5-939D-E81A636D4BFA}"
EndProject
Project("{9A19103F-16F7-4668-BE54-9A1E7A4F7556}") = "04. Even Times", "04. Even Times\04. Even Times.csproj", "{60695DF4-B767-4F19-9574-7390AEB8ADDE}"
EndProject
Project("{9A19103F-16F7-4668-BE54-9A1E7A4F7556}") = "05. Count Symbols", "05. Count Symbols\05. Count Symbols.csproj", "{F57C2622-D34D-4DB4-B010-A946B0A84C5F}"
EndProject
Project("{9A19103F-16F7-4668-BE54-9A1E7A4F7556}") = "06. Wardrobe", "06. Wardrobe\06. Wardrobe.csproj", "{9545704E-4425-40C4-80CA-875D8BF95CF9}"
EndProject
Project("{9A19103F-16F7-4668-BE54-9A1E7A4F7556}") = "07. The V-Logger (not included in final score)", "07. The V-Logger (not included in final score)\07. The V-Logger (not included in final score).csproj", "{CD12EB3C-4669-4935-A2AE-81C3BD86E8F7}"
EndProject
Project("{FAE04EC0-301F-11D3-BF4B-00C04F79EFBC}") = "08. Ranking (not included in final score)", "08. Ranking (not included in final score)\08. Ranking (not included in final score).csproj", "{31860582-DE83-435E-9A4B-00B5606B5F76}"
EndProject
Global
	GlobalSection(SolutionConfigurationPlatforms) = preSolution
		Debug|Any CPU = Debug|Any CPU
		Release|Any CPU = Release|Any CPU
	EndGlobalSection
	GlobalSection(ProjectConfigurationPlatforms) = postSolution
		{988891F7-325D-4CBF-9B14-3E43921B37DF}.Debug|Any CPU.ActiveCfg = Debug|Any CPU
		{988891F7-325D-4CBF-9B14-3E43921B37DF}.Debug|Any CPU.Build.0 = Debug|Any CPU
		{988891F7-325D-4CBF-9B14-3E43921B37DF}.Release|Any CPU.ActiveCfg = Release|Any CPU
		{988891F7-325D-4CBF-9B14-3E43921B37DF}.Release|Any CPU.Build.0 = Release|Any CPU
		{3F19F7B2-8408-4F2D-9F59-4147982BED6E}.Debug|Any CPU.ActiveCfg = Debug|Any CPU
		{3F19F7B2-8408-4F2D-9F59-4147982BED6E}.Debug|Any CPU.Build.0 = Debug|Any CPU
		{3F19F7B2-8408-4F2D-9F59-4147982BED6E}.Release|Any CPU.ActiveCfg = Release|Any CPU
		{3F19F7B2-8408-4F2D-9F59-4147982BED6E}.Release|Any CPU.Build.0 = Release|Any CPU
		{51A3B5AC-6FB3-4AF5-939D-E81A636D4BFA}.Debug|Any CPU.ActiveCfg = Debug|Any CPU
		{51A3B5AC-6FB3-4AF5-939D-E81A636D4BFA}.Debug|Any CPU.Build.0 = Debug|Any CPU
		{51A3B5AC-6FB3-4AF5-939D-E81A636D4BFA}.Release|Any CPU.ActiveCfg = Release|Any CPU
		{51A3B5AC-6FB3-4AF5-939D-E81A636D4BFA}.Release|Any CPU.Build.0 = Release|Any CPU
		{60695DF4-B767-4F19-9574-7390AEB8ADDE}.Debug|Any CPU.ActiveCfg = Debug|Any CPU
		{60695DF4-B767-4F19-9574-7390AEB8ADDE}.Debug|Any CPU.Build.0 = Debug|Any CPU
		{60695DF4-B767-4F19-9574-7390AEB8ADDE}.Release|Any CPU.ActiveCfg = Release|Any CPU
		{60695DF4-B767-4F19-9574-7390AEB8ADDE}.Release|Any CPU.Build.0 = Release|Any CPU
		{F57C2622-D34D-4DB4-B010-A946B0A84C5F}.Debug|Any CPU.ActiveCfg = Debug|Any CPU
		{F57C2622-D34D-4DB4-B010-A946B0A84C5F}.Debug|Any CPU.Build.0 = Debug|Any CPU
		{F57C2622-D34D-4DB4-B010-A946B0A84C5F}.Release|Any CPU.ActiveCfg = Release|Any CPU
		{F57C2622-D34D-4DB4-B010-A946B0A84C5F}.Release|Any CPU.Build.0 = Release|Any CPU
		{9545704E-4425-40C4-80CA-875D8BF95CF9}.Debug|Any CPU.ActiveCfg = Debug|Any CPU
		{9545704E-4425-40C4-80CA-875D8BF95CF9}.Debug|Any CPU.Build.0 = Debug|Any CPU
		{9545704E-4425-40C4-80CA-875D8BF95CF9}.Release|Any CPU.ActiveCfg = Release|Any CPU
		{9545704E-4425-40C4-80CA-875D8BF95CF9}.Release|Any CPU.Build.0 = Release|Any CPU
		{CD12EB3C-4669-4935-A2AE-81C3BD86E8F7}.Debug|Any CPU.ActiveCfg = Debug|Any CPU
		{CD12EB3C-4669-4935-A2AE-81C3BD86E8F7}.Debug|Any CPU.Build.0 = Debug|Any CPU
		{CD12EB3C-4669-4935-A2AE-81C3BD86E8F7}.Release|Any CPU.ActiveCfg = Release|Any CPU
		{CD12EB3C-4669-4935-A2AE-81C3BD86E8F7}.Release|Any CPU.Build.0 = Release|Any CPU
		{31860582-DE83-435E-9A4B-00B5606B5F76}.Debug|Any CPU.ActiveCfg = Debug|Any CPU
		{31860582-DE83-435E-9A4B-00B5606B5F76}.Debug|Any CPU.Build.0 = Debug|Any CPU
		{31860582-DE83-435E-9A4B-00B5606B5F76}.Release|Any CPU.ActiveCfg = Release|Any CPU
		{31860582-DE83-435E-9A4B-00B5606B5F76}.Release|Any CPU.Build.0 = Release|Any CPU
	EndGlobalSection
	GlobalSection(SolutionProperties) = preSolution
		HideSolutionNode = FALSE
	EndGlobalSection
	GlobalSection(ExtensibilityGlobals) = postSolution
		SolutionGuid = {3708A99A-E61B-47AB-88BD-8444166FF70A}
	EndGlobalSection
EndGlobal
