
Microsoft Visual Studio Solution File, Format Version 12.00
# Visual Studio Version 16
VisualStudioVersion = 16.0.30406.217
MinimumVisualStudioVersion = 10.0.40219.1
Project("{FAE04EC0-301F-11D3-BF4B-00C04F79EFBC}") = "01. National Court", "01. National Court\01. National Court.csproj", "{CA6C6897-E564-4FBE-A429-A92E386FB3FF}"
EndProject
Project("{FAE04EC0-301F-11D3-BF4B-00C04F79EFBC}") = "02. Shopping List", "02. Shopping List\02. Shopping List.csproj", "{FBCC0308-2769-4939-B70F-5A03C51D2679}"
EndProject
Project("{FAE04EC0-301F-11D3-BF4B-00C04F79EFBC}") = "03. Heart Delivery", "03. Heart Delivery\03. Heart Delivery.csproj", "{54C1C18C-BB4E-449F-8FC8-7BCF88D4163A}"
EndProject
Global
	GlobalSection(SolutionConfigurationPlatforms) = preSolution
		Debug|Any CPU = Debug|Any CPU
		Release|Any CPU = Release|Any CPU
	EndGlobalSection
	GlobalSection(ProjectConfigurationPlatforms) = postSolution
		{CA6C6897-E564-4FBE-A429-A92E386FB3FF}.Debug|Any CPU.ActiveCfg = Debug|Any CPU
		{CA6C6897-E564-4FBE-A429-A92E386FB3FF}.Debug|Any CPU.Build.0 = Debug|Any CPU
		{CA6C6897-E564-4FBE-A429-A92E386FB3FF}.Release|Any CPU.ActiveCfg = Release|Any CPU
		{CA6C6897-E564-4FBE-A429-A92E386FB3FF}.Release|Any CPU.Build.0 = Release|Any CPU
		{FBCC0308-2769-4939-B70F-5A03C51D2679}.Debug|Any CPU.ActiveCfg = Debug|Any CPU
		{FBCC0308-2769-4939-B70F-5A03C51D2679}.Debug|Any CPU.Build.0 = Debug|Any CPU
		{FBCC0308-2769-4939-B70F-5A03C51D2679}.Release|Any CPU.ActiveCfg = Release|Any CPU
		{FBCC0308-2769-4939-B70F-5A03C51D2679}.Release|Any CPU.Build.0 = Release|Any CPU
		{54C1C18C-BB4E-449F-8FC8-7BCF88D4163A}.Debug|Any CPU.ActiveCfg = Debug|Any CPU
		{54C1C18C-BB4E-449F-8FC8-7BCF88D4163A}.Debug|Any CPU.Build.0 = Debug|Any CPU
		{54C1C18C-BB4E-449F-8FC8-7BCF88D4163A}.Release|Any CPU.ActiveCfg = Release|Any CPU
		{54C1C18C-BB4E-449F-8FC8-7BCF88D4163A}.Release|Any CPU.Build.0 = Release|Any CPU
	EndGlobalSection
	GlobalSection(SolutionProperties) = preSolution
		HideSolutionNode = FALSE
	EndGlobalSection
	GlobalSection(ExtensibilityGlobals) = postSolution
		SolutionGuid = {A920651D-ED1F-4A37-9E5A-6475E0B06000}
	EndGlobalSection
EndGlobal
