
Microsoft Visual Studio Solution File, Format Version 12.00
# Visual Studio Version 16
VisualStudioVersion = 16.0.30406.217
MinimumVisualStudioVersion = 10.0.40219.1
Project("{FAE04EC0-301F-11D3-BF4B-00C04F79EFBC}") = "01. SoftUni Reception", "01. SoftUni Reception\01. SoftUni Reception.csproj", "{828FC7E7-1C10-4067-B018-4DB49D36BBE9}"
EndProject
Project("{FAE04EC0-301F-11D3-BF4B-00C04F79EFBC}") = "02. Array Modifier", "02. Array Modifier\02. Array Modifier.csproj", "{A1729FA7-8CFE-428D-9856-863582811581}"
EndProject
Project("{FAE04EC0-301F-11D3-BF4B-00C04F79EFBC}") = "03. Numbers", "03. Numbers\03. Numbers.csproj", "{B24AEE0D-A754-4A50-91D4-E92A148174AD}"
EndProject
Global
	GlobalSection(SolutionConfigurationPlatforms) = preSolution
		Debug|Any CPU = Debug|Any CPU
		Release|Any CPU = Release|Any CPU
	EndGlobalSection
	GlobalSection(ProjectConfigurationPlatforms) = postSolution
		{828FC7E7-1C10-4067-B018-4DB49D36BBE9}.Debug|Any CPU.ActiveCfg = Debug|Any CPU
		{828FC7E7-1C10-4067-B018-4DB49D36BBE9}.Debug|Any CPU.Build.0 = Debug|Any CPU
		{828FC7E7-1C10-4067-B018-4DB49D36BBE9}.Release|Any CPU.ActiveCfg = Release|Any CPU
		{828FC7E7-1C10-4067-B018-4DB49D36BBE9}.Release|Any CPU.Build.0 = Release|Any CPU
		{A1729FA7-8CFE-428D-9856-863582811581}.Debug|Any CPU.ActiveCfg = Debug|Any CPU
		{A1729FA7-8CFE-428D-9856-863582811581}.Debug|Any CPU.Build.0 = Debug|Any CPU
		{A1729FA7-8CFE-428D-9856-863582811581}.Release|Any CPU.ActiveCfg = Release|Any CPU
		{A1729FA7-8CFE-428D-9856-863582811581}.Release|Any CPU.Build.0 = Release|Any CPU
		{B24AEE0D-A754-4A50-91D4-E92A148174AD}.Debug|Any CPU.ActiveCfg = Debug|Any CPU
		{B24AEE0D-A754-4A50-91D4-E92A148174AD}.Debug|Any CPU.Build.0 = Debug|Any CPU
		{B24AEE0D-A754-4A50-91D4-E92A148174AD}.Release|Any CPU.ActiveCfg = Release|Any CPU
		{B24AEE0D-A754-4A50-91D4-E92A148174AD}.Release|Any CPU.Build.0 = Release|Any CPU
	EndGlobalSection
	GlobalSection(SolutionProperties) = preSolution
		HideSolutionNode = FALSE
	EndGlobalSection
	GlobalSection(ExtensibilityGlobals) = postSolution
		SolutionGuid = {8BA9DB66-6A50-4FF0-B4E8-B0ED7F451023}
	EndGlobalSection
EndGlobal
