
Microsoft Visual Studio Solution File, Format Version 12.00
# Visual Studio Version 16
VisualStudioVersion = 16.0.30406.217
MinimumVisualStudioVersion = 10.0.40219.1
Project("{FAE04EC0-301F-11D3-BF4B-00C04F79EFBC}") = "01. Activation Keys", "01. Activation Keys\01. Activation Keys.csproj", "{B7C76A3F-5BC6-4D39-A57F-12A5265237C8}"
EndProject
Project("{FAE04EC0-301F-11D3-BF4B-00C04F79EFBC}") = "02. Emoji Detector", "02. Emoji Detector\02. Emoji Detector.csproj", "{05C43AA5-EA45-4A2D-AB58-CF6162AD5EB4}"
EndProject
Project("{FAE04EC0-301F-11D3-BF4B-00C04F79EFBC}") = "03. P!rates", "03. P!rates\03. P!rates.csproj", "{49905F8C-739D-40D9-80A8-FFF6A471CCAE}"
EndProject
Global
	GlobalSection(SolutionConfigurationPlatforms) = preSolution
		Debug|Any CPU = Debug|Any CPU
		Release|Any CPU = Release|Any CPU
	EndGlobalSection
	GlobalSection(ProjectConfigurationPlatforms) = postSolution
		{B7C76A3F-5BC6-4D39-A57F-12A5265237C8}.Debug|Any CPU.ActiveCfg = Debug|Any CPU
		{B7C76A3F-5BC6-4D39-A57F-12A5265237C8}.Debug|Any CPU.Build.0 = Debug|Any CPU
		{B7C76A3F-5BC6-4D39-A57F-12A5265237C8}.Release|Any CPU.ActiveCfg = Release|Any CPU
		{B7C76A3F-5BC6-4D39-A57F-12A5265237C8}.Release|Any CPU.Build.0 = Release|Any CPU
		{05C43AA5-EA45-4A2D-AB58-CF6162AD5EB4}.Debug|Any CPU.ActiveCfg = Debug|Any CPU
		{05C43AA5-EA45-4A2D-AB58-CF6162AD5EB4}.Debug|Any CPU.Build.0 = Debug|Any CPU
		{05C43AA5-EA45-4A2D-AB58-CF6162AD5EB4}.Release|Any CPU.ActiveCfg = Release|Any CPU
		{05C43AA5-EA45-4A2D-AB58-CF6162AD5EB4}.Release|Any CPU.Build.0 = Release|Any CPU
		{49905F8C-739D-40D9-80A8-FFF6A471CCAE}.Debug|Any CPU.ActiveCfg = Debug|Any CPU
		{49905F8C-739D-40D9-80A8-FFF6A471CCAE}.Debug|Any CPU.Build.0 = Debug|Any CPU
		{49905F8C-739D-40D9-80A8-FFF6A471CCAE}.Release|Any CPU.ActiveCfg = Release|Any CPU
		{49905F8C-739D-40D9-80A8-FFF6A471CCAE}.Release|Any CPU.Build.0 = Release|Any CPU
	EndGlobalSection
	GlobalSection(SolutionProperties) = preSolution
		HideSolutionNode = FALSE
	EndGlobalSection
	GlobalSection(ExtensibilityGlobals) = postSolution
		SolutionGuid = {497E5699-A33C-4278-8E04-7C239B454106}
	EndGlobalSection
EndGlobal
