
Microsoft Visual Studio Solution File, Format Version 12.00
# Visual Studio Version 16
VisualStudioVersion = 16.0.30406.217
MinimumVisualStudioVersion = 10.0.40219.1
Project("{FAE04EC0-301F-11D3-BF4B-00C04F79EFBC}") = "01. Ranking", "01. Ranking\01. Ranking.csproj", "{32A364EC-D183-46E2-8355-C4207D75D651}"
EndProject
Project("{FAE04EC0-301F-11D3-BF4B-00C04F79EFBC}") = "02. Judge", "02. Judge\02. Judge.csproj", "{CA11F5AC-874A-4B31-91FE-DD1D39990DC7}"
EndProject
Project("{FAE04EC0-301F-11D3-BF4B-00C04F79EFBC}") = "03. MOBA Challenger", "03. MOBA Challenger\03. MOBA Challenger.csproj", "{206492DB-7276-4696-93C9-8D9A8CBCC37A}"
EndProject
Project("{FAE04EC0-301F-11D3-BF4B-00C04F79EFBC}") = "04. Snowwhite", "04. Snowwhite\04. Snowwhite.csproj", "{C07DA20B-06C4-40BB-AB1B-7B8A67617703}"
EndProject
Project("{FAE04EC0-301F-11D3-BF4B-00C04F79EFBC}") = "05. Dragon Army", "05. Dragon Army\05. Dragon Army.csproj", "{55F1554B-8DA5-4BC2-8319-54D137B4A8DF}"
EndProject
Global
	GlobalSection(SolutionConfigurationPlatforms) = preSolution
		Debug|Any CPU = Debug|Any CPU
		Release|Any CPU = Release|Any CPU
	EndGlobalSection
	GlobalSection(ProjectConfigurationPlatforms) = postSolution
		{32A364EC-D183-46E2-8355-C4207D75D651}.Debug|Any CPU.ActiveCfg = Debug|Any CPU
		{32A364EC-D183-46E2-8355-C4207D75D651}.Debug|Any CPU.Build.0 = Debug|Any CPU
		{32A364EC-D183-46E2-8355-C4207D75D651}.Release|Any CPU.ActiveCfg = Release|Any CPU
		{32A364EC-D183-46E2-8355-C4207D75D651}.Release|Any CPU.Build.0 = Release|Any CPU
		{CA11F5AC-874A-4B31-91FE-DD1D39990DC7}.Debug|Any CPU.ActiveCfg = Debug|Any CPU
		{CA11F5AC-874A-4B31-91FE-DD1D39990DC7}.Debug|Any CPU.Build.0 = Debug|Any CPU
		{CA11F5AC-874A-4B31-91FE-DD1D39990DC7}.Release|Any CPU.ActiveCfg = Release|Any CPU
		{CA11F5AC-874A-4B31-91FE-DD1D39990DC7}.Release|Any CPU.Build.0 = Release|Any CPU
		{206492DB-7276-4696-93C9-8D9A8CBCC37A}.Debug|Any CPU.ActiveCfg = Debug|Any CPU
		{206492DB-7276-4696-93C9-8D9A8CBCC37A}.Debug|Any CPU.Build.0 = Debug|Any CPU
		{206492DB-7276-4696-93C9-8D9A8CBCC37A}.Release|Any CPU.ActiveCfg = Release|Any CPU
		{206492DB-7276-4696-93C9-8D9A8CBCC37A}.Release|Any CPU.Build.0 = Release|Any CPU
		{C07DA20B-06C4-40BB-AB1B-7B8A67617703}.Debug|Any CPU.ActiveCfg = Debug|Any CPU
		{C07DA20B-06C4-40BB-AB1B-7B8A67617703}.Debug|Any CPU.Build.0 = Debug|Any CPU
		{C07DA20B-06C4-40BB-AB1B-7B8A67617703}.Release|Any CPU.ActiveCfg = Release|Any CPU
		{C07DA20B-06C4-40BB-AB1B-7B8A67617703}.Release|Any CPU.Build.0 = Release|Any CPU
		{55F1554B-8DA5-4BC2-8319-54D137B4A8DF}.Debug|Any CPU.ActiveCfg = Debug|Any CPU
		{55F1554B-8DA5-4BC2-8319-54D137B4A8DF}.Debug|Any CPU.Build.0 = Debug|Any CPU
		{55F1554B-8DA5-4BC2-8319-54D137B4A8DF}.Release|Any CPU.ActiveCfg = Release|Any CPU
		{55F1554B-8DA5-4BC2-8319-54D137B4A8DF}.Release|Any CPU.Build.0 = Release|Any CPU
	EndGlobalSection
	GlobalSection(SolutionProperties) = preSolution
		HideSolutionNode = FALSE
	EndGlobalSection
	GlobalSection(ExtensibilityGlobals) = postSolution
		SolutionGuid = {C69E5DF3-2739-4D4D-BCB3-11C305F58C40}
	EndGlobalSection
EndGlobal
