
Microsoft Visual Studio Solution File, Format Version 12.00
# Visual Studio Version 16
VisualStudioVersion = 16.0.30406.217
MinimumVisualStudioVersion = 10.0.40219.1
Project("{FAE04EC0-301F-11D3-BF4B-00C04F79EFBC}") = "01. Bonus Scoring System", "01. Bonus Scoring System\01. Bonus Scoring System.csproj", "{D110B7C9-167A-4FCD-AD10-78EE8DCB8A06}"
EndProject
Project("{FAE04EC0-301F-11D3-BF4B-00C04F79EFBC}") = "02. MuOnline", "02. MuOnline\02. MuOnline.csproj", "{D1B4060F-425A-4592-932A-FD52BC8F88D0}"
EndProject
Project("{FAE04EC0-301F-11D3-BF4B-00C04F79EFBC}") = "03. Inventory", "03. Inventory\03. Inventory.csproj", "{3166CAB9-CA0F-45BB-83F1-D3CAFB79C0F5}"
EndProject
Global
	GlobalSection(SolutionConfigurationPlatforms) = preSolution
		Debug|Any CPU = Debug|Any CPU
		Release|Any CPU = Release|Any CPU
	EndGlobalSection
	GlobalSection(ProjectConfigurationPlatforms) = postSolution
		{D110B7C9-167A-4FCD-AD10-78EE8DCB8A06}.Debug|Any CPU.ActiveCfg = Debug|Any CPU
		{D110B7C9-167A-4FCD-AD10-78EE8DCB8A06}.Debug|Any CPU.Build.0 = Debug|Any CPU
		{D110B7C9-167A-4FCD-AD10-78EE8DCB8A06}.Release|Any CPU.ActiveCfg = Release|Any CPU
		{D110B7C9-167A-4FCD-AD10-78EE8DCB8A06}.Release|Any CPU.Build.0 = Release|Any CPU
		{D1B4060F-425A-4592-932A-FD52BC8F88D0}.Debug|Any CPU.ActiveCfg = Debug|Any CPU
		{D1B4060F-425A-4592-932A-FD52BC8F88D0}.Debug|Any CPU.Build.0 = Debug|Any CPU
		{D1B4060F-425A-4592-932A-FD52BC8F88D0}.Release|Any CPU.ActiveCfg = Release|Any CPU
		{D1B4060F-425A-4592-932A-FD52BC8F88D0}.Release|Any CPU.Build.0 = Release|Any CPU
		{3166CAB9-CA0F-45BB-83F1-D3CAFB79C0F5}.Debug|Any CPU.ActiveCfg = Debug|Any CPU
		{3166CAB9-CA0F-45BB-83F1-D3CAFB79C0F5}.Debug|Any CPU.Build.0 = Debug|Any CPU
		{3166CAB9-CA0F-45BB-83F1-D3CAFB79C0F5}.Release|Any CPU.ActiveCfg = Release|Any CPU
		{3166CAB9-CA0F-45BB-83F1-D3CAFB79C0F5}.Release|Any CPU.Build.0 = Release|Any CPU
	EndGlobalSection
	GlobalSection(SolutionProperties) = preSolution
		HideSolutionNode = FALSE
	EndGlobalSection
	GlobalSection(ExtensibilityGlobals) = postSolution
		SolutionGuid = {023BE387-50D5-4E77-96E7-A87AE357F8CF}
	EndGlobalSection
EndGlobal
