
Microsoft Visual Studio Solution File, Format Version 12.00
# Visual Studio Version 16
VisualStudioVersion = 16.0.30406.217
MinimumVisualStudioVersion = 10.0.40219.1
Project("{9A19103F-16F7-4668-BE54-9A1E7A4F7556}") = "CarManufacturer", "1. Car\CarManufacturer.csproj", "{C68BB9C8-337F-4DEB-8388-02E4B9FA596A}"
EndProject
Global
	GlobalSection(SolutionConfigurationPlatforms) = preSolution
		Debug|Any CPU = Debug|Any CPU
		Release|Any CPU = Release|Any CPU
	EndGlobalSection
	GlobalSection(ProjectConfigurationPlatforms) = postSolution
		{C68BB9C8-337F-4DEB-8388-02E4B9FA596A}.Debug|Any CPU.ActiveCfg = Debug|Any CPU
		{C68BB9C8-337F-4DEB-8388-02E4B9FA596A}.Debug|Any CPU.Build.0 = Debug|Any CPU
		{C68BB9C8-337F-4DEB-8388-02E4B9FA596A}.Release|Any CPU.ActiveCfg = Release|Any CPU
		{C68BB9C8-337F-4DEB-8388-02E4B9FA596A}.Release|Any CPU.Build.0 = Release|Any CPU
	EndGlobalSection
	GlobalSection(SolutionProperties) = preSolution
		HideSolutionNode = FALSE
	EndGlobalSection
	GlobalSection(ExtensibilityGlobals) = postSolution
		SolutionGuid = {7A11C35F-420E-40E8-A6D8-657E49562048}
	EndGlobalSection
EndGlobal
